// !$*UTF8*$!
{
	archiveVersion = 1;
	classes = {
	};
	objectVersion = 55;
	objects = {

/* Begin PBXBuildFile section */
		DB05DE4A282343E4003D71A7 /* XCTest+Ext.swift in Sources */ = {isa = PBXBuildFile; fileRef = DB05DE49282343E4003D71A7 /* XCTest+Ext.swift */; };
		DB104F112822EAA4002B9598 /* ConversionRateHelper.swift in Sources */ = {isa = PBXBuildFile; fileRef = DB104F102822EAA4002B9598 /* ConversionRateHelper.swift */; };
		DB104F122822EAA4002B9598 /* ConversionRateHelper.swift in Sources */ = {isa = PBXBuildFile; fileRef = DB104F102822EAA4002B9598 /* ConversionRateHelper.swift */; };
		DB104F142822EB50002B9598 /* ConversionRateHelperTests.swift in Sources */ = {isa = PBXBuildFile; fileRef = DB104F132822EB50002B9598 /* ConversionRateHelperTests.swift */; };
		DB104F162822EEED002B9598 /* String+Ext.swift in Sources */ = {isa = PBXBuildFile; fileRef = DB104F152822EEED002B9598 /* String+Ext.swift */; };
		DB104F172822EEED002B9598 /* String+Ext.swift in Sources */ = {isa = PBXBuildFile; fileRef = DB104F152822EEED002B9598 /* String+Ext.swift */; };
		DB104F192822EFC6002B9598 /* Decimal+Ext.swift in Sources */ = {isa = PBXBuildFile; fileRef = DB104F182822EFC6002B9598 /* Decimal+Ext.swift */; };
		DB104F1A2822EFC6002B9598 /* Decimal+Ext.swift in Sources */ = {isa = PBXBuildFile; fileRef = DB104F182822EFC6002B9598 /* Decimal+Ext.swift */; };
		DB104F1C2822F6E7002B9598 /* ProductViewModel.swift in Sources */ = {isa = PBXBuildFile; fileRef = DB104F1B2822F6E7002B9598 /* ProductViewModel.swift */; };
		DB104F1D2822F6E7002B9598 /* ProductViewModel.swift in Sources */ = {isa = PBXBuildFile; fileRef = DB104F1B2822F6E7002B9598 /* ProductViewModel.swift */; };
		DB104F1F28230D9A002B9598 /* ProductViewModelTests.swift in Sources */ = {isa = PBXBuildFile; fileRef = DB104F1E28230D9A002B9598 /* ProductViewModelTests.swift */; };
		DB1146F32821A7EA0069BE6B /* ProductsViewController.swift in Sources */ = {isa = PBXBuildFile; fileRef = DB2D250D28204F3B00DA2D34 /* ProductsViewController.swift */; };
		DB1146F72821BD1B0069BE6B /* ProductsViewModel.swift in Sources */ = {isa = PBXBuildFile; fileRef = DB1146F62821BD1B0069BE6B /* ProductsViewModel.swift */; };
		DB1146F82821BD1B0069BE6B /* ProductsViewModel.swift in Sources */ = {isa = PBXBuildFile; fileRef = DB1146F62821BD1B0069BE6B /* ProductsViewModel.swift */; };
		DB1146FB2821C48E0069BE6B /* Product.swift in Sources */ = {isa = PBXBuildFile; fileRef = DB1146FA2821C48E0069BE6B /* Product.swift */; };
		DB1146FC2821C48E0069BE6B /* Product.swift in Sources */ = {isa = PBXBuildFile; fileRef = DB1146FA2821C48E0069BE6B /* Product.swift */; };
		DB1146FF2821D5A50069BE6B /* ProductsViewModelTests.swift in Sources */ = {isa = PBXBuildFile; fileRef = DB1146FD2821D5A50069BE6B /* ProductsViewModelTests.swift */; };
		DB114701282200620069BE6B /* ProductDetailView.swift in Sources */ = {isa = PBXBuildFile; fileRef = DB114700282200620069BE6B /* ProductDetailView.swift */; };
		DB114702282211220069BE6B /* ProductDetailView.swift in Sources */ = {isa = PBXBuildFile; fileRef = DB114700282200620069BE6B /* ProductDetailView.swift */; };
		DB2D250A28204F3B00DA2D34 /* AppDelegate.swift in Sources */ = {isa = PBXBuildFile; fileRef = DB2D250928204F3B00DA2D34 /* AppDelegate.swift */; };
		DB2D250C28204F3B00DA2D34 /* SceneDelegate.swift in Sources */ = {isa = PBXBuildFile; fileRef = DB2D250B28204F3B00DA2D34 /* SceneDelegate.swift */; };
		DB2D250E28204F3B00DA2D34 /* ProductsViewController.swift in Sources */ = {isa = PBXBuildFile; fileRef = DB2D250D28204F3B00DA2D34 /* ProductsViewController.swift */; };
		DB2D251328204F3C00DA2D34 /* Assets.xcassets in Resources */ = {isa = PBXBuildFile; fileRef = DB2D251228204F3C00DA2D34 /* Assets.xcassets */; };
		DB2D251628204F3C00DA2D34 /* LaunchScreen.storyboard in Resources */ = {isa = PBXBuildFile; fileRef = DB2D251428204F3C00DA2D34 /* LaunchScreen.storyboard */; };
		DB2D252128204F3C00DA2D34 /* NetworkServiceTests.swift in Sources */ = {isa = PBXBuildFile; fileRef = DB2D252028204F3C00DA2D34 /* NetworkServiceTests.swift */; };
		DB2D253A282053E400DA2D34 /* NetworkService.swift in Sources */ = {isa = PBXBuildFile; fileRef = DB2D2539282053E400DA2D34 /* NetworkService.swift */; };
		DB89BA622820C604000CBEA5 /* transactions.json in Resources */ = {isa = PBXBuildFile; fileRef = DB89BA612820C604000CBEA5 /* transactions.json */; };
		DB89BA632820C604000CBEA5 /* transactions.json in Resources */ = {isa = PBXBuildFile; fileRef = DB89BA612820C604000CBEA5 /* transactions.json */; };
		DB89BA652820D582000CBEA5 /* Endpoint.swift in Sources */ = {isa = PBXBuildFile; fileRef = DB89BA642820D582000CBEA5 /* Endpoint.swift */; };
		DB89BA662820D582000CBEA5 /* Endpoint.swift in Sources */ = {isa = PBXBuildFile; fileRef = DB89BA642820D582000CBEA5 /* Endpoint.swift */; };
		DB89BA682820D59E000CBEA5 /* Constants.swift in Sources */ = {isa = PBXBuildFile; fileRef = DB89BA672820D59E000CBEA5 /* Constants.swift */; };
		DB89BA692820D59E000CBEA5 /* Constants.swift in Sources */ = {isa = PBXBuildFile; fileRef = DB89BA672820D59E000CBEA5 /* Constants.swift */; };
		DB89BA6C2820DAA9000CBEA5 /* URLSession+Ext.swift in Sources */ = {isa = PBXBuildFile; fileRef = DB89BA6B2820DAA9000CBEA5 /* URLSession+Ext.swift */; };
		DB89BA6D2820DAA9000CBEA5 /* URLSession+Ext.swift in Sources */ = {isa = PBXBuildFile; fileRef = DB89BA6B2820DAA9000CBEA5 /* URLSession+Ext.swift */; };
		DBA9BAFC28205A190029DECF /* rates.json in Resources */ = {isa = PBXBuildFile; fileRef = DBC4B1952820565E00D86E17 /* rates.json */; };
		DBB578932820C52600B1C589 /* Transaction.swift in Sources */ = {isa = PBXBuildFile; fileRef = DBB578922820C52600B1C589 /* Transaction.swift */; };
		DBB578942820C58C00B1C589 /* Transaction.swift in Sources */ = {isa = PBXBuildFile; fileRef = DBB578922820C52600B1C589 /* Transaction.swift */; };
		DBC4B1962820565E00D86E17 /* rates.json in Resources */ = {isa = PBXBuildFile; fileRef = DBC4B1952820565E00D86E17 /* rates.json */; };
		DBC4B199282056AE00D86E17 /* ConversionRate.swift in Sources */ = {isa = PBXBuildFile; fileRef = DBC4B198282056AE00D86E17 /* ConversionRate.swift */; };
		DBC4B19E2820571A00D86E17 /* MockNetworkService.swift in Sources */ = {isa = PBXBuildFile; fileRef = DBC4B19C2820571400D86E17 /* MockNetworkService.swift */; };
		DBC4B19F2820573A00D86E17 /* NetworkService.swift in Sources */ = {isa = PBXBuildFile; fileRef = DB2D2539282053E400DA2D34 /* NetworkService.swift */; };
		DBC4B1A0282057AC00D86E17 /* ConversionRate.swift in Sources */ = {isa = PBXBuildFile; fileRef = DBC4B198282056AE00D86E17 /* ConversionRate.swift */; };
/* End PBXBuildFile section */

/* Begin PBXContainerItemProxy section */
		DB2D251D28204F3C00DA2D34 /* PBXContainerItemProxy */ = {
			isa = PBXContainerItemProxy;
			containerPortal = DB2D24FE28204F3A00DA2D34 /* Project object */;
			proxyType = 1;
			remoteGlobalIDString = DB2D250528204F3B00DA2D34;
			remoteInfo = "uikit-concept";
		};
/* End PBXContainerItemProxy section */

/* Begin PBXFileReference section */
		DB05DE49282343E4003D71A7 /* XCTest+Ext.swift */ = {isa = PBXFileReference; lastKnownFileType = sourcecode.swift; path = "XCTest+Ext.swift"; sourceTree = "<group>"; };
		DB104F102822EAA4002B9598 /* ConversionRateHelper.swift */ = {isa = PBXFileReference; lastKnownFileType = sourcecode.swift; path = ConversionRateHelper.swift; sourceTree = "<group>"; };
		DB104F132822EB50002B9598 /* ConversionRateHelperTests.swift */ = {isa = PBXFileReference; lastKnownFileType = sourcecode.swift; path = ConversionRateHelperTests.swift; sourceTree = "<group>"; };
		DB104F152822EEED002B9598 /* String+Ext.swift */ = {isa = PBXFileReference; lastKnownFileType = sourcecode.swift; path = "String+Ext.swift"; sourceTree = "<group>"; };
		DB104F182822EFC6002B9598 /* Decimal+Ext.swift */ = {isa = PBXFileReference; lastKnownFileType = sourcecode.swift; path = "Decimal+Ext.swift"; sourceTree = "<group>"; };
		DB104F1B2822F6E7002B9598 /* ProductViewModel.swift */ = {isa = PBXFileReference; lastKnownFileType = sourcecode.swift; path = ProductViewModel.swift; sourceTree = "<group>"; };
		DB104F1E28230D9A002B9598 /* ProductViewModelTests.swift */ = {isa = PBXFileReference; lastKnownFileType = sourcecode.swift; path = ProductViewModelTests.swift; sourceTree = "<group>"; };
		DB1146F62821BD1B0069BE6B /* ProductsViewModel.swift */ = {isa = PBXFileReference; lastKnownFileType = sourcecode.swift; path = ProductsViewModel.swift; sourceTree = "<group>"; };
		DB1146FA2821C48E0069BE6B /* Product.swift */ = {isa = PBXFileReference; lastKnownFileType = sourcecode.swift; path = Product.swift; sourceTree = "<group>"; };
		DB1146FD2821D5A50069BE6B /* ProductsViewModelTests.swift */ = {isa = PBXFileReference; lastKnownFileType = sourcecode.swift; path = ProductsViewModelTests.swift; sourceTree = "<group>"; };
		DB114700282200620069BE6B /* ProductDetailView.swift */ = {isa = PBXFileReference; lastKnownFileType = sourcecode.swift; path = ProductDetailView.swift; sourceTree = "<group>"; };
		DB2D250628204F3B00DA2D34 /* uikit-concept.app */ = {isa = PBXFileReference; explicitFileType = wrapper.application; includeInIndex = 0; path = "uikit-concept.app"; sourceTree = BUILT_PRODUCTS_DIR; };
		DB2D250928204F3B00DA2D34 /* AppDelegate.swift */ = {isa = PBXFileReference; lastKnownFileType = sourcecode.swift; path = AppDelegate.swift; sourceTree = "<group>"; };
		DB2D250B28204F3B00DA2D34 /* SceneDelegate.swift */ = {isa = PBXFileReference; lastKnownFileType = sourcecode.swift; path = SceneDelegate.swift; sourceTree = "<group>"; };
		DB2D250D28204F3B00DA2D34 /* ProductsViewController.swift */ = {isa = PBXFileReference; lastKnownFileType = sourcecode.swift; path = ProductsViewController.swift; sourceTree = "<group>"; };
		DB2D251228204F3C00DA2D34 /* Assets.xcassets */ = {isa = PBXFileReference; lastKnownFileType = folder.assetcatalog; path = Assets.xcassets; sourceTree = "<group>"; };
		DB2D251528204F3C00DA2D34 /* Base */ = {isa = PBXFileReference; lastKnownFileType = file.storyboard; name = Base; path = Base.lproj/LaunchScreen.storyboard; sourceTree = "<group>"; };
		DB2D251728204F3C00DA2D34 /* Info.plist */ = {isa = PBXFileReference; lastKnownFileType = text.plist.xml; path = Info.plist; sourceTree = "<group>"; };
		DB2D251C28204F3C00DA2D34 /* uikit-conceptTests.xctest */ = {isa = PBXFileReference; explicitFileType = wrapper.cfbundle; includeInIndex = 0; path = "uikit-conceptTests.xctest"; sourceTree = BUILT_PRODUCTS_DIR; };
		DB2D252028204F3C00DA2D34 /* NetworkServiceTests.swift */ = {isa = PBXFileReference; lastKnownFileType = sourcecode.swift; path = NetworkServiceTests.swift; sourceTree = "<group>"; };
		DB2D2539282053E400DA2D34 /* NetworkService.swift */ = {isa = PBXFileReference; lastKnownFileType = sourcecode.swift; path = NetworkService.swift; sourceTree = "<group>"; };
		DB89BA612820C604000CBEA5 /* transactions.json */ = {isa = PBXFileReference; fileEncoding = 4; lastKnownFileType = text.json; path = transactions.json; sourceTree = "<group>"; };
		DB89BA642820D582000CBEA5 /* Endpoint.swift */ = {isa = PBXFileReference; lastKnownFileType = sourcecode.swift; path = Endpoint.swift; sourceTree = "<group>"; };
		DB89BA672820D59E000CBEA5 /* Constants.swift */ = {isa = PBXFileReference; lastKnownFileType = sourcecode.swift; path = Constants.swift; sourceTree = "<group>"; };
		DB89BA6B2820DAA9000CBEA5 /* URLSession+Ext.swift */ = {isa = PBXFileReference; lastKnownFileType = sourcecode.swift; path = "URLSession+Ext.swift"; sourceTree = "<group>"; };
		DBB578922820C52600B1C589 /* Transaction.swift */ = {isa = PBXFileReference; lastKnownFileType = sourcecode.swift; path = Transaction.swift; sourceTree = "<group>"; };
		DBC4B1952820565E00D86E17 /* rates.json */ = {isa = PBXFileReference; fileEncoding = 4; lastKnownFileType = text.json; path = rates.json; sourceTree = "<group>"; };
		DBC4B198282056AE00D86E17 /* ConversionRate.swift */ = {isa = PBXFileReference; lastKnownFileType = sourcecode.swift; path = ConversionRate.swift; sourceTree = "<group>"; };
		DBC4B19C2820571400D86E17 /* MockNetworkService.swift */ = {isa = PBXFileReference; lastKnownFileType = sourcecode.swift; path = MockNetworkService.swift; sourceTree = "<group>"; };
/* End PBXFileReference section */

/* Begin PBXFrameworksBuildPhase section */
		DB2D250328204F3B00DA2D34 /* Frameworks */ = {
			isa = PBXFrameworksBuildPhase;
			buildActionMask = 2147483647;
			files = (
			);
			runOnlyForDeploymentPostprocessing = 0;
		};
		DB2D251928204F3C00DA2D34 /* Frameworks */ = {
			isa = PBXFrameworksBuildPhase;
			buildActionMask = 2147483647;
			files = (
			);
			runOnlyForDeploymentPostprocessing = 0;
		};
/* End PBXFrameworksBuildPhase section */

/* Begin PBXGroup section */
		DB05DE4B282343F3003D71A7 /* Test resources */ = {
			isa = PBXGroup;
			children = (
				DB05DE49282343E4003D71A7 /* XCTest+Ext.swift */,
				DBC4B1972820566100D86E17 /* Tests mock data */,
			);
			path = "Test resources";
			sourceTree = "<group>";
		};
		DB104F20282323FA002B9598 /* Views */ = {
			isa = PBXGroup;
			children = (
				DB2D250D28204F3B00DA2D34 /* ProductsViewController.swift */,
				DB114700282200620069BE6B /* ProductDetailView.swift */,
			);
			path = Views;
			sourceTree = "<group>";
		};
		DB1146F92821C2680069BE6B /* ViewModels */ = {
			isa = PBXGroup;
			children = (
				DB1146F62821BD1B0069BE6B /* ProductsViewModel.swift */,
				DB104F1B2822F6E7002B9598 /* ProductViewModel.swift */,
			);
			path = ViewModels;
			sourceTree = "<group>";
		};
		DB2D24FD28204F3A00DA2D34 = {
			isa = PBXGroup;
			children = (
				DB2D250828204F3B00DA2D34 /* uikit-concept */,
				DB2D251F28204F3C00DA2D34 /* uikit-conceptTests */,
				DB2D250728204F3B00DA2D34 /* Products */,
			);
			sourceTree = "<group>";
		};
		DB2D250728204F3B00DA2D34 /* Products */ = {
			isa = PBXGroup;
			children = (
				DB2D250628204F3B00DA2D34 /* uikit-concept.app */,
				DB2D251C28204F3C00DA2D34 /* uikit-conceptTests.xctest */,
			);
			name = Products;
			sourceTree = "<group>";
		};
		DB2D250828204F3B00DA2D34 /* uikit-concept */ = {
			isa = PBXGroup;
			children = (
				DB2D250928204F3B00DA2D34 /* AppDelegate.swift */,
				DB2D250B28204F3B00DA2D34 /* SceneDelegate.swift */,
				DB2D251228204F3C00DA2D34 /* Assets.xcassets */,
				DB2D251428204F3C00DA2D34 /* LaunchScreen.storyboard */,
				DB2D251728204F3C00DA2D34 /* Info.plist */,
				DB104F20282323FA002B9598 /* Views */,
				DB1146F92821C2680069BE6B /* ViewModels */,
				DBC4B19A282056E100D86E17 /* Models */,
				DBC4B19B282056F100D86E17 /* NetworkService */,
				DB89BA6A2820D5A7000CBEA5 /* Resources */,
			);
			path = "uikit-concept";
			sourceTree = "<group>";
		};
		DB2D251F28204F3C00DA2D34 /* uikit-conceptTests */ = {
			isa = PBXGroup;
			children = (
				DB05DE4B282343F3003D71A7 /* Test resources */,
				DB2D252028204F3C00DA2D34 /* NetworkServiceTests.swift */,
				DB1146FD2821D5A50069BE6B /* ProductsViewModelTests.swift */,
				DB104F1E28230D9A002B9598 /* ProductViewModelTests.swift */,
				DB104F132822EB50002B9598 /* ConversionRateHelperTests.swift */,
			);
			path = "uikit-conceptTests";
			sourceTree = "<group>";
		};
		DB89BA6A2820D5A7000CBEA5 /* Resources */ = {
			isa = PBXGroup;
			children = (
				DB89BA672820D59E000CBEA5 /* Constants.swift */,
				DB104F102822EAA4002B9598 /* ConversionRateHelper.swift */,
				DB89BA6B2820DAA9000CBEA5 /* URLSession+Ext.swift */,
				DB104F152822EEED002B9598 /* String+Ext.swift */,
				DB104F182822EFC6002B9598 /* Decimal+Ext.swift */,
			);
			path = Resources;
			sourceTree = "<group>";
		};
		DBC4B1972820566100D86E17 /* Tests mock data */ = {
			isa = PBXGroup;
			children = (
				DB89BA612820C604000CBEA5 /* transactions.json */,
				DBC4B1952820565E00D86E17 /* rates.json */,
			);
			path = "Tests mock data";
			sourceTree = "<group>";
		};
		DBC4B19A282056E100D86E17 /* Models */ = {
			isa = PBXGroup;
			children = (
				DBC4B198282056AE00D86E17 /* ConversionRate.swift */,
				DBB578922820C52600B1C589 /* Transaction.swift */,
				DB1146FA2821C48E0069BE6B /* Product.swift */,
			);
			path = Models;
			sourceTree = "<group>";
		};
		DBC4B19B282056F100D86E17 /* NetworkService */ = {
			isa = PBXGroup;
			children = (
				DB2D2539282053E400DA2D34 /* NetworkService.swift */,
				DBC4B19C2820571400D86E17 /* MockNetworkService.swift */,
				DB89BA642820D582000CBEA5 /* Endpoint.swift */,
			);
			path = NetworkService;
			sourceTree = "<group>";
		};
/* End PBXGroup section */

/* Begin PBXNativeTarget section */
		DB2D250528204F3B00DA2D34 /* uikit-concept */ = {
			isa = PBXNativeTarget;
			buildConfigurationList = DB2D253028204F3C00DA2D34 /* Build configuration list for PBXNativeTarget "uikit-concept" */;
			buildPhases = (
				DB2D250228204F3B00DA2D34 /* Sources */,
				DB2D250328204F3B00DA2D34 /* Frameworks */,
				DB2D250428204F3B00DA2D34 /* Resources */,
			);
			buildRules = (
			);
			dependencies = (
			);
			name = "uikit-concept";
			productName = "uikit-concept";
			productReference = DB2D250628204F3B00DA2D34 /* uikit-concept.app */;
			productType = "com.apple.product-type.application";
		};
		DB2D251B28204F3C00DA2D34 /* uikit-conceptTests */ = {
			isa = PBXNativeTarget;
			buildConfigurationList = DB2D253328204F3C00DA2D34 /* Build configuration list for PBXNativeTarget "uikit-conceptTests" */;
			buildPhases = (
				DB2D251828204F3C00DA2D34 /* Sources */,
				DB2D251928204F3C00DA2D34 /* Frameworks */,
				DB2D251A28204F3C00DA2D34 /* Resources */,
			);
			buildRules = (
			);
			dependencies = (
				DB2D251E28204F3C00DA2D34 /* PBXTargetDependency */,
			);
			name = "uikit-conceptTests";
			productName = "uikit-conceptTests";
			productReference = DB2D251C28204F3C00DA2D34 /* uikit-conceptTests.xctest */;
			productType = "com.apple.product-type.bundle.unit-test";
		};
/* End PBXNativeTarget section */

/* Begin PBXProject section */
		DB2D24FE28204F3A00DA2D34 /* Project object */ = {
			isa = PBXProject;
			attributes = {
				BuildIndependentTargetsInParallel = 1;
				LastSwiftUpdateCheck = 1330;
				LastUpgradeCheck = 1330;
				TargetAttributes = {
					DB2D250528204F3B00DA2D34 = {
						CreatedOnToolsVersion = 13.3.1;
					};
					DB2D251B28204F3C00DA2D34 = {
						CreatedOnToolsVersion = 13.3.1;
						TestTargetID = DB2D250528204F3B00DA2D34;
					};
				};
			};
			buildConfigurationList = DB2D250128204F3A00DA2D34 /* Build configuration list for PBXProject "uikit-concept" */;
			compatibilityVersion = "Xcode 13.0";
			developmentRegion = en;
			hasScannedForEncodings = 0;
			knownRegions = (
				en,
				Base,
			);
			mainGroup = DB2D24FD28204F3A00DA2D34;
			productRefGroup = DB2D250728204F3B00DA2D34 /* Products */;
			projectDirPath = "";
			projectRoot = "";
			targets = (
				DB2D250528204F3B00DA2D34 /* uikit-concept */,
				DB2D251B28204F3C00DA2D34 /* uikit-conceptTests */,
			);
		};
/* End PBXProject section */

/* Begin PBXResourcesBuildPhase section */
		DB2D250428204F3B00DA2D34 /* Resources */ = {
			isa = PBXResourcesBuildPhase;
			buildActionMask = 2147483647;
			files = (
				DB2D251628204F3C00DA2D34 /* LaunchScreen.storyboard in Resources */,
				DB89BA622820C604000CBEA5 /* transactions.json in Resources */,
				DBA9BAFC28205A190029DECF /* rates.json in Resources */,
				DB2D251328204F3C00DA2D34 /* Assets.xcassets in Resources */,
			);
			runOnlyForDeploymentPostprocessing = 0;
		};
		DB2D251A28204F3C00DA2D34 /* Resources */ = {
			isa = PBXResourcesBuildPhase;
			buildActionMask = 2147483647;
			files = (
				DB89BA632820C604000CBEA5 /* transactions.json in Resources */,
				DBC4B1962820565E00D86E17 /* rates.json in Resources */,
			);
			runOnlyForDeploymentPostprocessing = 0;
		};
/* End PBXResourcesBuildPhase section */

/* Begin PBXSourcesBuildPhase section */
		DB2D250228204F3B00DA2D34 /* Sources */ = {
			isa = PBXSourcesBuildPhase;
			buildActionMask = 2147483647;
			files = (
				DB1146F72821BD1B0069BE6B /* ProductsViewModel.swift in Sources */,
				DB89BA652820D582000CBEA5 /* Endpoint.swift in Sources */,
				DBC4B199282056AE00D86E17 /* ConversionRate.swift in Sources */,
				DB2D250E28204F3B00DA2D34 /* ProductsViewController.swift in Sources */,
				DB1146FB2821C48E0069BE6B /* Product.swift in Sources */,
				DB114701282200620069BE6B /* ProductDetailView.swift in Sources */,
				DB2D250A28204F3B00DA2D34 /* AppDelegate.swift in Sources */,
				DB2D253A282053E400DA2D34 /* NetworkService.swift in Sources */,
				DB104F162822EEED002B9598 /* String+Ext.swift in Sources */,
				DB2D250C28204F3B00DA2D34 /* SceneDelegate.swift in Sources */,
				DB104F112822EAA4002B9598 /* ConversionRateHelper.swift in Sources */,
				DBB578932820C52600B1C589 /* Transaction.swift in Sources */,
				DB89BA6C2820DAA9000CBEA5 /* URLSession+Ext.swift in Sources */,
				DB89BA682820D59E000CBEA5 /* Constants.swift in Sources */,
				DB104F1C2822F6E7002B9598 /* ProductViewModel.swift in Sources */,
				DB104F192822EFC6002B9598 /* Decimal+Ext.swift in Sources */,
			);
			runOnlyForDeploymentPostprocessing = 0;
		};
		DB2D251828204F3C00DA2D34 /* Sources */ = {
			isa = PBXSourcesBuildPhase;
			buildActionMask = 2147483647;
			files = (
				DB1146F32821A7EA0069BE6B /* ProductsViewController.swift in Sources */,
				DB1146F82821BD1B0069BE6B /* ProductsViewModel.swift in Sources */,
				DBC4B19E2820571A00D86E17 /* MockNetworkService.swift in Sources */,
				DB1146FF2821D5A50069BE6B /* ProductsViewModelTests.swift in Sources */,
				DBC4B1A0282057AC00D86E17 /* ConversionRate.swift in Sources */,
				DBB578942820C58C00B1C589 /* Transaction.swift in Sources */,
				DB1146FC2821C48E0069BE6B /* Product.swift in Sources */,
				DB104F122822EAA4002B9598 /* ConversionRateHelper.swift in Sources */,
				DBC4B19F2820573A00D86E17 /* NetworkService.swift in Sources */,
				DB89BA692820D59E000CBEA5 /* Constants.swift in Sources */,
				DB89BA662820D582000CBEA5 /* Endpoint.swift in Sources */,
				DB05DE4A282343E4003D71A7 /* XCTest+Ext.swift in Sources */,
				DB114702282211220069BE6B /* ProductDetailView.swift in Sources */,
				DB104F1F28230D9A002B9598 /* ProductViewModelTests.swift in Sources */,
				DB2D252128204F3C00DA2D34 /* NetworkServiceTests.swift in Sources */,
				DB104F1A2822EFC6002B9598 /* Decimal+Ext.swift in Sources */,
				DB104F1D2822F6E7002B9598 /* ProductViewModel.swift in Sources */,
				DB104F142822EB50002B9598 /* ConversionRateHelperTests.swift in Sources */,
				DB104F172822EEED002B9598 /* String+Ext.swift in Sources */,
				DB89BA6D2820DAA9000CBEA5 /* URLSession+Ext.swift in Sources */,
			);
			runOnlyForDeploymentPostprocessing = 0;
		};
/* End PBXSourcesBuildPhase section */

/* Begin PBXTargetDependency section */
		DB2D251E28204F3C00DA2D34 /* PBXTargetDependency */ = {
			isa = PBXTargetDependency;
			target = DB2D250528204F3B00DA2D34 /* uikit-concept */;
			targetProxy = DB2D251D28204F3C00DA2D34 /* PBXContainerItemProxy */;
		};
/* End PBXTargetDependency section */

/* Begin PBXVariantGroup section */
		DB2D251428204F3C00DA2D34 /* LaunchScreen.storyboard */ = {
			isa = PBXVariantGroup;
			children = (
				DB2D251528204F3C00DA2D34 /* Base */,
			);
			name = LaunchScreen.storyboard;
			sourceTree = "<group>";
		};
/* End PBXVariantGroup section */

/* Begin XCBuildConfiguration section */
		DB2D252E28204F3C00DA2D34 /* Debug */ = {
			isa = XCBuildConfiguration;
			buildSettings = {
				ALWAYS_SEARCH_USER_PATHS = NO;
				CLANG_ANALYZER_NONNULL = YES;
				CLANG_ANALYZER_NUMBER_OBJECT_CONVERSION = YES_AGGRESSIVE;
				CLANG_CXX_LANGUAGE_STANDARD = "gnu++17";
				CLANG_ENABLE_MODULES = YES;
				CLANG_ENABLE_OBJC_ARC = YES;
				CLANG_ENABLE_OBJC_WEAK = YES;
				CLANG_WARN_BLOCK_CAPTURE_AUTORELEASING = YES;
				CLANG_WARN_BOOL_CONVERSION = YES;
				CLANG_WARN_COMMA = YES;
				CLANG_WARN_CONSTANT_CONVERSION = YES;
				CLANG_WARN_DEPRECATED_OBJC_IMPLEMENTATIONS = YES;
				CLANG_WARN_DIRECT_OBJC_ISA_USAGE = YES_ERROR;
				CLANG_WARN_DOCUMENTATION_COMMENTS = YES;
				CLANG_WARN_EMPTY_BODY = YES;
				CLANG_WARN_ENUM_CONVERSION = YES;
				CLANG_WARN_INFINITE_RECURSION = YES;
				CLANG_WARN_INT_CONVERSION = YES;
				CLANG_WARN_NON_LITERAL_NULL_CONVERSION = YES;
				CLANG_WARN_OBJC_IMPLICIT_RETAIN_SELF = YES;
				CLANG_WARN_OBJC_LITERAL_CONVERSION = YES;
				CLANG_WARN_OBJC_ROOT_CLASS = YES_ERROR;
				CLANG_WARN_QUOTED_INCLUDE_IN_FRAMEWORK_HEADER = YES;
				CLANG_WARN_RANGE_LOOP_ANALYSIS = YES;
				CLANG_WARN_STRICT_PROTOTYPES = YES;
				CLANG_WARN_SUSPICIOUS_MOVE = YES;
				CLANG_WARN_UNGUARDED_AVAILABILITY = YES_AGGRESSIVE;
				CLANG_WARN_UNREACHABLE_CODE = YES;
				CLANG_WARN__DUPLICATE_METHOD_MATCH = YES;
				COPY_PHASE_STRIP = NO;
				DEBUG_INFORMATION_FORMAT = dwarf;
				ENABLE_STRICT_OBJC_MSGSEND = YES;
				ENABLE_TESTABILITY = YES;
				GCC_C_LANGUAGE_STANDARD = gnu11;
				GCC_DYNAMIC_NO_PIC = NO;
				GCC_NO_COMMON_BLOCKS = YES;
				GCC_OPTIMIZATION_LEVEL = 0;
				GCC_PREPROCESSOR_DEFINITIONS = (
					"DEBUG=1",
					"$(inherited)",
				);
				GCC_WARN_64_TO_32_BIT_CONVERSION = YES;
				GCC_WARN_ABOUT_RETURN_TYPE = YES_ERROR;
				GCC_WARN_UNDECLARED_SELECTOR = YES;
				GCC_WARN_UNINITIALIZED_AUTOS = YES_AGGRESSIVE;
				GCC_WARN_UNUSED_FUNCTION = YES;
				GCC_WARN_UNUSED_VARIABLE = YES;
				IPHONEOS_DEPLOYMENT_TARGET = 13.0;
				MTL_ENABLE_DEBUG_INFO = INCLUDE_SOURCE;
				MTL_FAST_MATH = YES;
				ONLY_ACTIVE_ARCH = YES;
				SDKROOT = iphoneos;
				SWIFT_ACTIVE_COMPILATION_CONDITIONS = DEBUG;
				SWIFT_OPTIMIZATION_LEVEL = "-Onone";
			};
			name = Debug;
		};
		DB2D252F28204F3C00DA2D34 /* Release */ = {
			isa = XCBuildConfiguration;
			buildSettings = {
				ALWAYS_SEARCH_USER_PATHS = NO;
				CLANG_ANALYZER_NONNULL = YES;
				CLANG_ANALYZER_NUMBER_OBJECT_CONVERSION = YES_AGGRESSIVE;
				CLANG_CXX_LANGUAGE_STANDARD = "gnu++17";
				CLANG_ENABLE_MODULES = YES;
				CLANG_ENABLE_OBJC_ARC = YES;
				CLANG_ENABLE_OBJC_WEAK = YES;
				CLANG_WARN_BLOCK_CAPTURE_AUTORELEASING = YES;
				CLANG_WARN_BOOL_CONVERSION = YES;
				CLANG_WARN_COMMA = YES;
				CLANG_WARN_CONSTANT_CONVERSION = YES;
				CLANG_WARN_DEPRECATED_OBJC_IMPLEMENTATIONS = YES;
				CLANG_WARN_DIRECT_OBJC_ISA_USAGE = YES_ERROR;
				CLANG_WARN_DOCUMENTATION_COMMENTS = YES;
				CLANG_WARN_EMPTY_BODY = YES;
				CLANG_WARN_ENUM_CONVERSION = YES;
				CLANG_WARN_INFINITE_RECURSION = YES;
				CLANG_WARN_INT_CONVERSION = YES;
				CLANG_WARN_NON_LITERAL_NULL_CONVERSION = YES;
				CLANG_WARN_OBJC_IMPLICIT_RETAIN_SELF = YES;
				CLANG_WARN_OBJC_LITERAL_CONVERSION = YES;
				CLANG_WARN_OBJC_ROOT_CLASS = YES_ERROR;
				CLANG_WARN_QUOTED_INCLUDE_IN_FRAMEWORK_HEADER = YES;
				CLANG_WARN_RANGE_LOOP_ANALYSIS = YES;
				CLANG_WARN_STRICT_PROTOTYPES = YES;
				CLANG_WARN_SUSPICIOUS_MOVE = YES;
				CLANG_WARN_UNGUARDED_AVAILABILITY = YES_AGGRESSIVE;
				CLANG_WARN_UNREACHABLE_CODE = YES;
				CLANG_WARN__DUPLICATE_METHOD_MATCH = YES;
				COPY_PHASE_STRIP = NO;
				DEBUG_INFORMATION_FORMAT = "dwarf-with-dsym";
				ENABLE_NS_ASSERTIONS = NO;
				ENABLE_STRICT_OBJC_MSGSEND = YES;
				GCC_C_LANGUAGE_STANDARD = gnu11;
				GCC_NO_COMMON_BLOCKS = YES;
				GCC_WARN_64_TO_32_BIT_CONVERSION = YES;
				GCC_WARN_ABOUT_RETURN_TYPE = YES_ERROR;
				GCC_WARN_UNDECLARED_SELECTOR = YES;
				GCC_WARN_UNINITIALIZED_AUTOS = YES_AGGRESSIVE;
				GCC_WARN_UNUSED_FUNCTION = YES;
				GCC_WARN_UNUSED_VARIABLE = YES;
				IPHONEOS_DEPLOYMENT_TARGET = 13.0;
				MTL_ENABLE_DEBUG_INFO = NO;
				MTL_FAST_MATH = YES;
				SDKROOT = iphoneos;
				SWIFT_COMPILATION_MODE = wholemodule;
				SWIFT_OPTIMIZATION_LEVEL = "-O";
				VALIDATE_PRODUCT = YES;
			};
			name = Release;
		};
		DB2D253128204F3C00DA2D34 /* Debug */ = {
			isa = XCBuildConfiguration;
			buildSettings = {
				ASSETCATALOG_COMPILER_APPICON_NAME = AppIcon;
				ASSETCATALOG_COMPILER_GLOBAL_ACCENT_COLOR_NAME = AccentColor;
				CODE_SIGN_STYLE = Automatic;
				CURRENT_PROJECT_VERSION = 1;
				DEVELOPMENT_TEAM = 65YBY3NSP3;
				GENERATE_INFOPLIST_FILE = YES;
				INFOPLIST_FILE = "uikit-concept/Info.plist";
				INFOPLIST_KEY_UIApplicationSupportsIndirectInputEvents = YES;
				INFOPLIST_KEY_UILaunchStoryboardName = LaunchScreen;
				INFOPLIST_KEY_UIMainStoryboardFile = "";
				INFOPLIST_KEY_UISupportedInterfaceOrientations_iPad = "UIInterfaceOrientationPortrait UIInterfaceOrientationPortraitUpsideDown UIInterfaceOrientationLandscapeLeft UIInterfaceOrientationLandscapeRight";
				INFOPLIST_KEY_UISupportedInterfaceOrientations_iPhone = "UIInterfaceOrientationPortrait UIInterfaceOrientationLandscapeLeft UIInterfaceOrientationLandscapeRight";
				LD_RUNPATH_SEARCH_PATHS = (
					"$(inherited)",
					"@executable_path/Frameworks",
				);
				MARKETING_VERSION = 1.0;
				PRODUCT_BUNDLE_IDENTIFIER = "com.hoowie.uikit-concept";
				PRODUCT_NAME = "$(TARGET_NAME)";
				SWIFT_EMIT_LOC_STRINGS = YES;
				SWIFT_VERSION = 5.0;
				TARGETED_DEVICE_FAMILY = 1;
			};
			name = Debug;
		};
		DB2D253228204F3C00DA2D34 /* Release */ = {
			isa = XCBuildConfiguration;
			buildSettings = {
				ASSETCATALOG_COMPILER_APPICON_NAME = AppIcon;
				ASSETCATALOG_COMPILER_GLOBAL_ACCENT_COLOR_NAME = AccentColor;
				CODE_SIGN_STYLE = Automatic;
				CURRENT_PROJECT_VERSION = 1;
				DEVELOPMENT_TEAM = 65YBY3NSP3;
				GENERATE_INFOPLIST_FILE = YES;
				INFOPLIST_FILE = "uikit-concept/Info.plist";
				INFOPLIST_KEY_UIApplicationSupportsIndirectInputEvents = YES;
				INFOPLIST_KEY_UILaunchStoryboardName = LaunchScreen;
				INFOPLIST_KEY_UIMainStoryboardFile = "";
				INFOPLIST_KEY_UISupportedInterfaceOrientations_iPad = "UIInterfaceOrientationPortrait UIInterfaceOrientationPortraitUpsideDown UIInterfaceOrientationLandscapeLeft UIInterfaceOrientationLandscapeRight";
				INFOPLIST_KEY_UISupportedInterfaceOrientations_iPhone = "UIInterfaceOrientationPortrait UIInterfaceOrientationLandscapeLeft UIInterfaceOrientationLandscapeRight";
				LD_RUNPATH_SEARCH_PATHS = (
					"$(inherited)",
					"@executable_path/Frameworks",
				);
				MARKETING_VERSION = 1.0;
				PRODUCT_BUNDLE_IDENTIFIER = "com.hoowie.uikit-concept";
				PRODUCT_NAME = "$(TARGET_NAME)";
				SWIFT_EMIT_LOC_STRINGS = YES;
				SWIFT_VERSION = 5.0;
				TARGETED_DEVICE_FAMILY = 1;
			};
			name = Release;
		};
		DB2D253428204F3C00DA2D34 /* Debug */ = {
			isa = XCBuildConfiguration;
			buildSettings = {
				ALWAYS_EMBED_SWIFT_STANDARD_LIBRARIES = YES;
				BUNDLE_LOADER = "$(TEST_HOST)";
				CODE_SIGN_STYLE = Automatic;
				CURRENT_PROJECT_VERSION = 1;
				DEVELOPMENT_TEAM = 65YBY3NSP3;
				GENERATE_INFOPLIST_FILE = YES;
				IPHONEOS_DEPLOYMENT_TARGET = 15.4;
				MARKETING_VERSION = 1.0;
				PRODUCT_BUNDLE_IDENTIFIER = "com.hoowie.uikit-conceptTests";
				PRODUCT_NAME = "$(TARGET_NAME)";
				SWIFT_EMIT_LOC_STRINGS = NO;
				SWIFT_VERSION = 5.0;
				TARGETED_DEVICE_FAMILY = "1,2";
				TEST_HOST = "$(BUILT_PRODUCTS_DIR)/uikit-concept.app/uikit-concept";
			};
			name = Debug;
		};
		DB2D253528204F3C00DA2D34 /* Release */ = {
			isa = XCBuildConfiguration;
			buildSettings = {
				ALWAYS_EMBED_SWIFT_STANDARD_LIBRARIES = YES;
				BUNDLE_LOADER = "$(TEST_HOST)";
				CODE_SIGN_STYLE = Automatic;
				CURRENT_PROJECT_VERSION = 1;
				DEVELOPMENT_TEAM = 65YBY3NSP3;
				GENERATE_INFOPLIST_FILE = YES;
				IPHONEOS_DEPLOYMENT_TARGET = 15.4;
				MARKETING_VERSION = 1.0;
				PRODUCT_BUNDLE_IDENTIFIER = "com.hoowie.uikit-conceptTests";
				PRODUCT_NAME = "$(TARGET_NAME)";
				SWIFT_EMIT_LOC_STRINGS = NO;
				SWIFT_VERSION = 5.0;
				TARGETED_DEVICE_FAMILY = "1,2";
				TEST_HOST = "$(BUILT_PRODUCTS_DIR)/uikit-concept.app/uikit-concept";
			};
			name = Release;
		};
/* End XCBuildConfiguration section */

/* Begin XCConfigurationList section */
		DB2D250128204F3A00DA2D34 /* Build configuration list for PBXProject "uikit-concept" */ = {
			isa = XCConfigurationList;
			buildConfigurations = (
				DB2D252E28204F3C00DA2D34 /* Debug */,
				DB2D252F28204F3C00DA2D34 /* Release */,
			);
			defaultConfigurationIsVisible = 0;
			defaultConfigurationName = Release;
		};
		DB2D253028204F3C00DA2D34 /* Build configuration list for PBXNativeTarget "uikit-concept" */ = {
			isa = XCConfigurationList;
			buildConfigurations = (
				DB2D253128204F3C00DA2D34 /* Debug */,
				DB2D253228204F3C00DA2D34 /* Release */,
			);
			defaultConfigurationIsVisible = 0;
			defaultConfigurationName = Release;
		};
		DB2D253328204F3C00DA2D34 /* Build configuration list for PBXNativeTarget "uikit-conceptTests" */ = {
			isa = XCConfigurationList;
			buildConfigurations = (
				DB2D253428204F3C00DA2D34 /* Debug */,
				DB2D253528204F3C00DA2D34 /* Release */,
			);
			defaultConfigurationIsVisible = 0;
			defaultConfigurationName = Release;
		};
/* End XCConfigurationList section */
	};
	rootObject = DB2D24FE28204F3A00DA2D34 /* Project object */;
}
